<Solution>
  <Project Path="MerryYellow.CodeAssist.Editor.csproj" />
  <Project Path="Assembly-CSharp.csproj" />
  <Project Path="Unity.Rider.Editor.csproj" />
  <Project Path="CustomTick.csproj" />
  <Project Path="CustomTickEditor.csproj" />
  <Project Path="CustomTickTests.csproj" />
</Solution>
